
Microsoft Visual Studio Solution File, Format Version 12.00
# Visual Studio Version 16
VisualStudioVersion = 16.0.29709.97
MinimumVisualStudioVersion = 10.0.40219.1
Project("{FAE04EC0-301F-11D3-BF4B-00C04F79EFBC}") = "pr-4-ex.1", "pr-4-ex.1\pr-4-ex.1.csproj", "{271A7620-D0C5-4B93-BEAC-88EB03FD6D8E}"
EndProject
Global
	GlobalSection(SolutionConfigurationPlatforms) = preSolution
		Debug|Any CPU = Debug|Any CPU
		Release|Any CPU = Release|Any CPU
	EndGlobalSection
	GlobalSection(ProjectConfigurationPlatforms) = postSolution
		{271A7620-D0C5-4B93-BEAC-88EB03FD6D8E}.Debug|Any CPU.ActiveCfg = Debug|Any CPU
		{271A7620-D0C5-4B93-BEAC-88EB03FD6D8E}.Debug|Any CPU.Build.0 = Debug|Any CPU
		{271A7620-D0C5-4B93-BEAC-88EB03FD6D8E}.Release|Any CPU.ActiveCfg = Release|Any CPU
		{271A7620-D0C5-4B93-BEAC-88EB03FD6D8E}.Release|Any CPU.Build.0 = Release|Any CPU
	EndGlobalSection
	GlobalSection(SolutionProperties) = preSolution
		HideSolutionNode = FALSE
	EndGlobalSection
	GlobalSection(ExtensibilityGlobals) = postSolution
		SolutionGuid = {0E2816D0-816B-4B64-A3E2-445979BB2FA1}
	EndGlobalSection
EndGlobal
